
Microsoft Visual Studio Solution File, Format Version 12.00
Project("{2150E333-8FDC-42A3-9474-1A3956D46DE8}") = "Core", "Core", "{FB221FC6-AB05-4CCE-99AC-4C985E9AFBC2}"
EndProject
Project("{2150E333-8FDC-42A3-9474-1A3956D46DE8}") = "Infrastructure", "Infrastructure", "{A4E15EF5-42F0-4D7E-AD15-D9C6D5DD9174}"
EndProject
Project("{2150E333-8FDC-42A3-9474-1A3956D46DE8}") = "Presentation", "Presentation", "{BEF0B6B0-63DE-46E6-905F-ADB73902C011}"
EndProject
Project("{FAE04EC0-301F-11D3-BF4B-00C04F79EFBC}") = "Users.Domain", "Users.Domain\Users.Domain.csproj", "{D5C39921-9BEF-4E9A-A992-3F3EE9443777}"
EndProject
Project("{FAE04EC0-301F-11D3-BF4B-00C04F79EFBC}") = "Users.DataAccess", "Users.DataAccess\Users.DataAccess.csproj", "{269CB3D1-AD54-4678-BA1B-6209B8EF750F}"
EndProject
Project("{FAE04EC0-301F-11D3-BF4B-00C04F79EFBC}") = "Users.Application", "Users.Application\Users.Application.csproj", "{98D324F6-7436-4B9F-86A4-D5DCF2B0ED2A}"
EndProject
Global
	GlobalSection(SolutionConfigurationPlatforms) = preSolution
		Debug|Any CPU = Debug|Any CPU
		Release|Any CPU = Release|Any CPU
	EndGlobalSection
	GlobalSection(NestedProjects) = preSolution
		{D5C39921-9BEF-4E9A-A992-3F3EE9443777} = {FB221FC6-AB05-4CCE-99AC-4C985E9AFBC2}
		{269CB3D1-AD54-4678-BA1B-6209B8EF750F} = {A4E15EF5-42F0-4D7E-AD15-D9C6D5DD9174}
		{98D324F6-7436-4B9F-86A4-D5DCF2B0ED2A} = {FB221FC6-AB05-4CCE-99AC-4C985E9AFBC2}
	EndGlobalSection
	GlobalSection(ProjectConfigurationPlatforms) = postSolution
		{D5C39921-9BEF-4E9A-A992-3F3EE9443777}.Debug|Any CPU.ActiveCfg = Debug|Any CPU
		{D5C39921-9BEF-4E9A-A992-3F3EE9443777}.Debug|Any CPU.Build.0 = Debug|Any CPU
		{D5C39921-9BEF-4E9A-A992-3F3EE9443777}.Release|Any CPU.ActiveCfg = Release|Any CPU
		{D5C39921-9BEF-4E9A-A992-3F3EE9443777}.Release|Any CPU.Build.0 = Release|Any CPU
		{269CB3D1-AD54-4678-BA1B-6209B8EF750F}.Debug|Any CPU.ActiveCfg = Debug|Any CPU
		{269CB3D1-AD54-4678-BA1B-6209B8EF750F}.Debug|Any CPU.Build.0 = Debug|Any CPU
		{269CB3D1-AD54-4678-BA1B-6209B8EF750F}.Release|Any CPU.ActiveCfg = Release|Any CPU
		{269CB3D1-AD54-4678-BA1B-6209B8EF750F}.Release|Any CPU.Build.0 = Release|Any CPU
		{98D324F6-7436-4B9F-86A4-D5DCF2B0ED2A}.Debug|Any CPU.ActiveCfg = Debug|Any CPU
		{98D324F6-7436-4B9F-86A4-D5DCF2B0ED2A}.Debug|Any CPU.Build.0 = Debug|Any CPU
		{98D324F6-7436-4B9F-86A4-D5DCF2B0ED2A}.Release|Any CPU.ActiveCfg = Release|Any CPU
		{98D324F6-7436-4B9F-86A4-D5DCF2B0ED2A}.Release|Any CPU.Build.0 = Release|Any CPU
	EndGlobalSection
EndGlobal
